
Microsoft Visual Studio Solution File, Format Version 12.00
# Visual Studio Version 17
VisualStudioVersion = 17.3.32825.248
MinimumVisualStudioVersion = 10.0.40219.1
Project("{FAE04EC0-301F-11D3-BF4B-00C04F79EFBC}") = "Week14OOP", "Week14OOP\Week14OOP.csproj", "{7AED7758-22DE-42B4-AE4D-7D5449581ABB}"
EndProject
Global
	GlobalSection(SolutionConfigurationPlatforms) = preSolution
		Debug|Any CPU = Debug|Any CPU
		Release|Any CPU = Release|Any CPU
	EndGlobalSection
	GlobalSection(ProjectConfigurationPlatforms) = postSolution
		{7AED7758-22DE-42B4-AE4D-7D5449581ABB}.Debug|Any CPU.ActiveCfg = Debug|Any CPU
		{7AED7758-22DE-42B4-AE4D-7D5449581ABB}.Debug|Any CPU.Build.0 = Debug|Any CPU
		{7AED7758-22DE-42B4-AE4D-7D5449581ABB}.Release|Any CPU.ActiveCfg = Release|Any CPU
		{7AED7758-22DE-42B4-AE4D-7D5449581ABB}.Release|Any CPU.Build.0 = Release|Any CPU
	EndGlobalSection
	GlobalSection(SolutionProperties) = preSolution
		HideSolutionNode = FALSE
	EndGlobalSection
	GlobalSection(ExtensibilityGlobals) = postSolution
		SolutionGuid = {C828835F-7BEB-4FA8-B200-3D02E632C102}
	EndGlobalSection
EndGlobal
